# THIS IS AN AUTOGENERATED FILE. DO NOT EDIT THIS FILE DIRECTLY.
# yarn lockfile v1


"@saber2pr/gen-icon@^0.0.1":
  version "0.0.1"
  resolved "http://r.cnpmjs.org/@saber2pr/gen-icon/download/@saber2pr/gen-icon-0.0.1.tgz#7f180ff1be4cd6197736f6b7e6ba47497af14818"
  integrity sha1-fxgP8b5M1hl3Nva35rpHSXrxSBg=
  dependencies:
    "@saber2pr/node" "^0.2.4"

"@saber2pr/node@^0.2.4":
  version "0.2.4"
  resolved "http://r.cnpmjs.org/@saber2pr/node/download/@saber2pr/node-0.2.4.tgz#07d5a980e456a06a869736393c53353bfa979886"
  integrity sha1-B9WpgORWoGqGlzY5PFM1O/qXmIY=
  dependencies:
    "@types/node" "^10.12.18"

"@types/node@^10.12.18":
  version "10.14.10"
  resolved "http://r.cnpmjs.org/@types/node/download/@types/node-10.14.10.tgz#e491484c6060af8d461e12ec81c0da8a3282b8de"
  integrity sha1-5JFITGBgr41GHhLsgcDaijKCuN4=

typescript@^3.4.3:
  version "3.5.2"
  resolved "http://r.cnpmjs.org/typescript/download/typescript-3.5.2.tgz#a09e1dc69bc9551cadf17dba10ee42cf55e5d56c"
  integrity sha1-oJ4dxpvJVRyt8X26EO5Cz1Xl1Ww=
